// !$*UTF8*$!
{
	archiveVersion = 1;
	classes = {
	};
	objectVersion = 54;
	objects = {

/* Begin PBXAggregateTarget section */
		0463ECB5014641BAAD12FC04 /* ZERO_CHECK */ = {
			isa = PBXAggregateTarget;
			buildConfigurationList = 3AC3FD18825F4532956D4287 /* Build configuration list for PBXAggregateTarget "ZERO_CHECK" */;
			buildPhases = (
				079EDF1E4C59F8031805A55C /* Generate CMakeFiles/ZERO_CHECK */,
			);
			dependencies = (
			);
			name = ZERO_CHECK;
			productName = ZERO_CHECK;
		};
		0E56C9B908DA40258E40509E /* ALL_BUILD */ = {
			isa = PBXAggregateTarget;
			buildConfigurationList = DADBC3BE922A4B5CB52D41ED /* Build configuration list for PBXAggregateTarget "ALL_BUILD" */;
			buildPhases = (
				767ED2176F8907772C161B37 /* Generate CMakeFiles/ALL_BUILD */,
			);
			dependencies = (
				5647799D55A24B16959698C9 /* PBXTargetDependency */,
				92E2956B30404ED5B8708C6A /* PBXTargetDependency */,
			);
			name = ALL_BUILD;
			productName = ALL_BUILD;
		};
/* End PBXAggregateTarget section */

/* Begin PBXBuildFile section */
		8F53F37709584F478A815809 /* helloSFML.cpp in Sources */ = {isa = PBXBuildFile; fileRef = 0BDE893241044F6883FD0E71 /* helloSFML.cpp */; };
/* End PBXBuildFile section */

/* Begin PBXContainerItemProxy section */
		1546611FEEEA4AA6BD37C9B7 /* PBXContainerItemProxy */ = {
			isa = PBXContainerItemProxy;
			containerPortal = 09EA0BBC14AF4766B09D2187 /* Project object */;
			proxyType = 1;
			remoteGlobalIDString = 0463ECB5014641BAAD12FC04;
			remoteInfo = ZERO_CHECK;
		};
		94C2A597E43D4987A3F66CBC /* PBXContainerItemProxy */ = {
			isa = PBXContainerItemProxy;
			containerPortal = 09EA0BBC14AF4766B09D2187 /* Project object */;
			proxyType = 1;
			remoteGlobalIDString = 2FE7A43730514AF5BC3F113B;
			remoteInfo = testSFML;
		};
		F586E5B0A85E461E9ACD6194 /* PBXContainerItemProxy */ = {
			isa = PBXContainerItemProxy;
			containerPortal = 09EA0BBC14AF4766B09D2187 /* Project object */;
			proxyType = 1;
			remoteGlobalIDString = 0463ECB5014641BAAD12FC04;
			remoteInfo = ZERO_CHECK;
		};
/* End PBXContainerItemProxy section */

/* Begin PBXFileReference section */
		0BDE893241044F6883FD0E71 /* helloSFML.cpp */ = {isa = PBXFileReference; explicitFileType = sourcecode.cpp.cpp; fileEncoding = 4; name = helloSFML.cpp; path = src/helloSFML.cpp; sourceTree = SOURCE_ROOT; };
		3D8CA8B45F694E379A2B4EA1 /* CMakeLists.txt */ = {isa = PBXFileReference; explicitFileType = sourcecode.text; fileEncoding = 4; lastKnownFileType = text; path = CMakeLists.txt; sourceTree = SOURCE_ROOT; };
		4B96FEBBB7F6499DAA646098 /* testSFML */ = {isa = PBXFileReference; explicitFileType = "compiled.mach-o.executable"; path = testSFML; sourceTree = BUILT_PRODUCTS_DIR; };
		7AF8EF4F98EA4248BBB00DB1 /* CMakeLists.txt */ = {isa = PBXFileReference; explicitFileType = sourcecode.text; fileEncoding = 4; lastKnownFileType = text; path = CMakeLists.txt; sourceTree = SOURCE_ROOT; };
/* End PBXFileReference section */

/* Begin PBXFrameworksBuildPhase section */
		4F591CE4C92D45C9AAC126B3 /* Frameworks */ = {
			isa = PBXFrameworksBuildPhase;
			buildActionMask = 2147483647;
			files = (
			);
			runOnlyForDeploymentPostprocessing = 0;
		};
/* End PBXFrameworksBuildPhase section */

/* Begin PBXGroup section */
		2808EE422B364EEDBC02DF90 /* Products */ = {
			isa = PBXGroup;
			children = (
				4B96FEBBB7F6499DAA646098 /* testSFML */,
			);
			name = Products;
			sourceTree = "<group>";
		};
		5A7E2EA4821443A79995F83B /* Source Files */ = {
			isa = PBXGroup;
			children = (
				0BDE893241044F6883FD0E71 /* helloSFML.cpp */,
			);
			name = "Source Files";
			sourceTree = "<group>";
		};
		869B4421E691408098BA0F88 /* Frameworks */ = {
			isa = PBXGroup;
			children = (
			);
			name = Frameworks;
			sourceTree = "<group>";
		};
		C8DF1117EB544350B65193EA /* testSFML */ = {
			isa = PBXGroup;
			children = (
				5A7E2EA4821443A79995F83B /* Source Files */,
				3D8CA8B45F694E379A2B4EA1 /* CMakeLists.txt */,
			);
			name = testSFML;
			sourceTree = "<group>";
		};
		ED9F8911E4984EB6890B6E46 = {
			isa = PBXGroup;
			children = (
				C8DF1117EB544350B65193EA /* testSFML */,
				F7825360B3064E3590AF05FB /* ALL_BUILD */,
				2808EE422B364EEDBC02DF90 /* Products */,
				869B4421E691408098BA0F88 /* Frameworks */,
			);
			sourceTree = "<group>";
		};
		EF7AC85FEA8844C69AE7C60B /* CMake Rules */ = {
			isa = PBXGroup;
			children = (
			);
			name = "CMake Rules";
			sourceTree = "<group>";
		};
		F7825360B3064E3590AF05FB /* ALL_BUILD */ = {
			isa = PBXGroup;
			children = (
				EF7AC85FEA8844C69AE7C60B /* CMake Rules */,
				7AF8EF4F98EA4248BBB00DB1 /* CMakeLists.txt */,
			);
			name = ALL_BUILD;
			sourceTree = "<group>";
		};
/* End PBXGroup section */

/* Begin PBXNativeTarget section */
		2FE7A43730514AF5BC3F113B /* testSFML */ = {
			isa = PBXNativeTarget;
			buildConfigurationList = 01F577D6610843689869783B /* Build configuration list for PBXNativeTarget "testSFML" */;
			buildPhases = (
				DE19C77D75534FD094593CA7 /* Sources */,
				4F591CE4C92D45C9AAC126B3 /* Frameworks */,
			);
			buildRules = (
			);
			dependencies = (
				94BD85150D4C4BE1B51A6C1C /* PBXTargetDependency */,
			);
			name = testSFML;
			productName = testSFML;
			productReference = 4B96FEBBB7F6499DAA646098 /* testSFML */;
			productType = "com.apple.product-type.tool";
		};
/* End PBXNativeTarget section */

/* Begin PBXProject section */
		09EA0BBC14AF4766B09D2187 /* Project object */ = {
			isa = PBXProject;
			attributes = {
				LastUpgradeCheck = 1430;
			};
			buildConfigurationList = EAE4D3AAC809466F88FBEDA5 /* Build configuration list for PBXProject "testSFML" */;
			compatibilityVersion = "Xcode 3.2";
			developmentRegion = en;
			hasScannedForEncodings = 0;
			knownRegions = (
				en,
				Base,
			);
			mainGroup = ED9F8911E4984EB6890B6E46;
			projectDirPath = /Users/andrewdelis/Desktop/CS6010/Day18;
			projectRoot = "";
			targets = (
				0E56C9B908DA40258E40509E /* ALL_BUILD */,
				0463ECB5014641BAAD12FC04 /* ZERO_CHECK */,
				2FE7A43730514AF5BC3F113B /* testSFML */,
			);
		};
/* End PBXProject section */

/* Begin PBXShellScriptBuildPhase section */
		079EDF1E4C59F8031805A55C /* Generate CMakeFiles/ZERO_CHECK */ = {
			isa = PBXShellScriptBuildPhase;
			alwaysOutOfDate = 1;
			buildActionMask = 2147483647;
			files = (
			);
			inputPaths = (
			);
			name = "Generate CMakeFiles/ZERO_CHECK";
			outputPaths = (
				/Users/andrewdelis/Desktop/CS6010/Day18/xcode/CMakeFiles/ZERO_CHECK,
			);
			runOnlyForDeploymentPostprocessing = 0;
			shellPath = /bin/sh;
			shellScript = "set -e\nif test \"$CONFIGURATION\" = \"Debug\"; then :\n  cd /Users/andrewdelis/Desktop/CS6010/Day18/xcode\n  make -f /Users/andrewdelis/Desktop/CS6010/Day18/xcode/CMakeScripts/ReRunCMake.make\nfi\nif test \"$CONFIGURATION\" = \"Release\"; then :\n  cd /Users/andrewdelis/Desktop/CS6010/Day18/xcode\n  make -f /Users/andrewdelis/Desktop/CS6010/Day18/xcode/CMakeScripts/ReRunCMake.make\nfi\nif test \"$CONFIGURATION\" = \"MinSizeRel\"; then :\n  cd /Users/andrewdelis/Desktop/CS6010/Day18/xcode\n  make -f /Users/andrewdelis/Desktop/CS6010/Day18/xcode/CMakeScripts/ReRunCMake.make\nfi\nif test \"$CONFIGURATION\" = \"RelWithDebInfo\"; then :\n  cd /Users/andrewdelis/Desktop/CS6010/Day18/xcode\n  make -f /Users/andrewdelis/Desktop/CS6010/Day18/xcode/CMakeScripts/ReRunCMake.make\nfi\n";
			showEnvVarsInLog = 0;
		};
		767ED2176F8907772C161B37 /* Generate CMakeFiles/ALL_BUILD */ = {
			isa = PBXShellScriptBuildPhase;
			alwaysOutOfDate = 1;
			buildActionMask = 2147483647;
			files = (
			);
			inputPaths = (
			);
			name = "Generate CMakeFiles/ALL_BUILD";
			outputPaths = (
				/Users/andrewdelis/Desktop/CS6010/Day18/xcode/CMakeFiles/ALL_BUILD,
			);
			runOnlyForDeploymentPostprocessing = 0;
			shellPath = /bin/sh;
			shellScript = "set -e\nif test \"$CONFIGURATION\" = \"Debug\"; then :\n  cd /Users/andrewdelis/Desktop/CS6010/Day18/xcode\n  echo Build\\ all\\ projects\nfi\nif test \"$CONFIGURATION\" = \"Release\"; then :\n  cd /Users/andrewdelis/Desktop/CS6010/Day18/xcode\n  echo Build\\ all\\ projects\nfi\nif test \"$CONFIGURATION\" = \"MinSizeRel\"; then :\n  cd /Users/andrewdelis/Desktop/CS6010/Day18/xcode\n  echo Build\\ all\\ projects\nfi\nif test \"$CONFIGURATION\" = \"RelWithDebInfo\"; then :\n  cd /Users/andrewdelis/Desktop/CS6010/Day18/xcode\n  echo Build\\ all\\ projects\nfi\n";
			showEnvVarsInLog = 0;
		};
/* End PBXShellScriptBuildPhase section */

/* Begin PBXSourcesBuildPhase section */
		DE19C77D75534FD094593CA7 /* Sources */ = {
			isa = PBXSourcesBuildPhase;
			buildActionMask = 2147483647;
			files = (
				8F53F37709584F478A815809 /* helloSFML.cpp in Sources */,
			);
			runOnlyForDeploymentPostprocessing = 0;
		};
/* End PBXSourcesBuildPhase section */

/* Begin PBXTargetDependency section */
		5647799D55A24B16959698C9 /* PBXTargetDependency */ = {
			isa = PBXTargetDependency;
			target = 2FE7A43730514AF5BC3F113B /* testSFML */;
			targetProxy = 94C2A597E43D4987A3F66CBC /* PBXContainerItemProxy */;
		};
		92E2956B30404ED5B8708C6A /* PBXTargetDependency */ = {
			isa = PBXTargetDependency;
			target = 0463ECB5014641BAAD12FC04 /* ZERO_CHECK */;
			targetProxy = F586E5B0A85E461E9ACD6194 /* PBXContainerItemProxy */;
		};
		94BD85150D4C4BE1B51A6C1C /* PBXTargetDependency */ = {
			isa = PBXTargetDependency;
			target = 0463ECB5014641BAAD12FC04 /* ZERO_CHECK */;
			targetProxy = 1546611FEEEA4AA6BD37C9B7 /* PBXContainerItemProxy */;
		};
/* End PBXTargetDependency section */

/* Begin XCBuildConfiguration section */
		0186316E1732400791D49904 /* Release */ = {
			isa = XCBuildConfiguration;
			buildSettings = {
				ALWAYS_SEARCH_USER_PATHS = NO;
				ARCHS = arm64;
				COMBINE_HIDPI_IMAGES = YES;
				GCC_GENERATE_DEBUGGING_SYMBOLS = YES;
				GCC_INLINES_ARE_PRIVATE_EXTERN = NO;
				GCC_OPTIMIZATION_LEVEL = 0;
				GCC_PREPROCESSOR_DEFINITIONS = (
					"'CMAKE_INTDIR=\"$(CONFIGURATION)$(EFFECTIVE_PLATFORM_NAME)\"'",
					"$(inherited)",
				);
				GCC_SYMBOLS_PRIVATE_EXTERN = NO;
				HEADER_SEARCH_PATHS = /opt/homebrew/include;
				INSTALL_PATH = "";
				ONLY_ACTIVE_ARCH = NO;
				OTHER_LDFLAGS = (
					"$(inherited)",
					"-L/opt/homebrew/lib",
					"-lsfml-graphics",
					"-lsfml-system",
					"-lsfml-window",
				);
				OTHER_REZFLAGS = "";
				PRODUCT_NAME = ALL_BUILD;
				SECTORDER_FLAGS = "";
				USE_HEADERMAP = NO;
				WARNING_CFLAGS = "$(inherited)";
			};
			name = Release;
		};
		0224A28CA44548859FFA52BF /* MinSizeRel */ = {
			isa = XCBuildConfiguration;
			buildSettings = {
				ALWAYS_SEARCH_USER_PATHS = NO;
				ARCHS = arm64;
				COMBINE_HIDPI_IMAGES = YES;
				GCC_GENERATE_DEBUGGING_SYMBOLS = YES;
				GCC_INLINES_ARE_PRIVATE_EXTERN = NO;
				GCC_OPTIMIZATION_LEVEL = 0;
				GCC_PREPROCESSOR_DEFINITIONS = (
					"'CMAKE_INTDIR=\"$(CONFIGURATION)$(EFFECTIVE_PLATFORM_NAME)\"'",
					"$(inherited)",
				);
				GCC_SYMBOLS_PRIVATE_EXTERN = NO;
				HEADER_SEARCH_PATHS = /opt/homebrew/include;
				INSTALL_PATH = "";
				ONLY_ACTIVE_ARCH = NO;
				OTHER_LDFLAGS = (
					"$(inherited)",
					"-L/opt/homebrew/lib",
					"-lsfml-graphics",
					"-lsfml-system",
					"-lsfml-window",
				);
				OTHER_REZFLAGS = "";
				PRODUCT_NAME = ALL_BUILD;
				SECTORDER_FLAGS = "";
				USE_HEADERMAP = NO;
				WARNING_CFLAGS = "$(inherited)";
			};
			name = MinSizeRel;
		};
		065C4500282249CBB9DD34C9 /* MinSizeRel */ = {
			isa = XCBuildConfiguration;
			buildSettings = {
				ALWAYS_SEARCH_USER_PATHS = NO;
				ARCHS = arm64;
				COMBINE_HIDPI_IMAGES = YES;
				CONFIGURATION_BUILD_DIR = /Users/andrewdelis/Desktop/CS6010/Day18/xcode/MinSizeRel;
				EXECUTABLE_PREFIX = "";
				EXECUTABLE_SUFFIX = "";
				GCC_GENERATE_DEBUGGING_SYMBOLS = NO;
				GCC_INLINES_ARE_PRIVATE_EXTERN = NO;
				GCC_OPTIMIZATION_LEVEL = 0;
				GCC_PREPROCESSOR_DEFINITIONS = (
					"'CMAKE_INTDIR=\"$(CONFIGURATION)$(EFFECTIVE_PLATFORM_NAME)\"'",
					"$(inherited)",
				);
				GCC_SYMBOLS_PRIVATE_EXTERN = NO;
				INSTALL_PATH = "";
				LD_RUNPATH_SEARCH_PATHS = (
					/opt/homebrew/lib,
					"$(inherited)",
				);
				ONLY_ACTIVE_ARCH = NO;
				OTHER_CPLUSPLUSFLAGS = "'-std=c++17' ";
				OTHER_LDFLAGS = (
					"-Wl,-search_paths_first",
					"-Wl,-headerpad_max_install_names",
					"/opt/homebrew/lib/libsfml-graphics.2.6.0.dylib",
					"/opt/homebrew/lib/libsfml-window.2.6.0.dylib",
					"/opt/homebrew/lib/libsfml-system.2.6.0.dylib",
					"$(inherited)",
				);
				OTHER_REZFLAGS = "";
				PRODUCT_NAME = testSFML;
				SECTORDER_FLAGS = "";
				SYSTEM_HEADER_SEARCH_PATHS = (
					/opt/homebrew/include,
					"$(inherited)",
				);
				TARGET_TEMP_DIR = "/Users/andrewdelis/Desktop/CS6010/Day18/xcode/build/testSFML.build/$(CONFIGURATION)$(EFFECTIVE_PLATFORM_NAME)";
				USE_HEADERMAP = NO;
				WARNING_CFLAGS = "$(inherited)";
			};
			name = MinSizeRel;
		};
		169D855D1D4345F2A594F05D /* Debug */ = {
			isa = XCBuildConfiguration;
			buildSettings = {
				ARCHS = arm64;
				SDKROOT = /Library/Developer/CommandLineTools/SDKs/MacOSX13.3.sdk;
				SYMROOT = /Users/andrewdelis/Desktop/CS6010/Day18/xcode/build;
			};
			name = Debug;
		};
		277F340C2CB24BC8BA349E6A /* MinSizeRel */ = {
			isa = XCBuildConfiguration;
			buildSettings = {
				ARCHS = arm64;
				SDKROOT = /Library/Developer/CommandLineTools/SDKs/MacOSX13.3.sdk;
				SWIFT_COMPILATION_MODE = wholemodule;
				SYMROOT = /Users/andrewdelis/Desktop/CS6010/Day18/xcode/build;
			};
			name = MinSizeRel;
		};
		2B7ADF29BB064531B4140F29 /* MinSizeRel */ = {
			isa = XCBuildConfiguration;
			buildSettings = {
				ALWAYS_SEARCH_USER_PATHS = NO;
				ARCHS = arm64;
				COMBINE_HIDPI_IMAGES = YES;
				GCC_GENERATE_DEBUGGING_SYMBOLS = YES;
				GCC_INLINES_ARE_PRIVATE_EXTERN = NO;
				GCC_OPTIMIZATION_LEVEL = 0;
				GCC_PREPROCESSOR_DEFINITIONS = (
					"'CMAKE_INTDIR=\"$(CONFIGURATION)$(EFFECTIVE_PLATFORM_NAME)\"'",
					"$(inherited)",
				);
				GCC_SYMBOLS_PRIVATE_EXTERN = NO;
				INSTALL_PATH = "";
				ONLY_ACTIVE_ARCH = NO;
				OTHER_LDFLAGS = " $(inherited)";
				OTHER_REZFLAGS = "";
				PRODUCT_NAME = ZERO_CHECK;
				SECTORDER_FLAGS = "";
				USE_HEADERMAP = NO;
				WARNING_CFLAGS = "$(inherited)";
			};
			name = MinSizeRel;
		};
		3D3E2C91215E4ED4A5C3FCAA /* Release */ = {
			isa = XCBuildConfiguration;
			buildSettings = {
				ALWAYS_SEARCH_USER_PATHS = NO;
				ARCHS = arm64;
				COMBINE_HIDPI_IMAGES = YES;
				GCC_GENERATE_DEBUGGING_SYMBOLS = YES;
				GCC_INLINES_ARE_PRIVATE_EXTERN = NO;
				GCC_OPTIMIZATION_LEVEL = 0;
				GCC_PREPROCESSOR_DEFINITIONS = (
					"'CMAKE_INTDIR=\"$(CONFIGURATION)$(EFFECTIVE_PLATFORM_NAME)\"'",
					"$(inherited)",
				);
				GCC_SYMBOLS_PRIVATE_EXTERN = NO;
				INSTALL_PATH = "";
				ONLY_ACTIVE_ARCH = NO;
				OTHER_LDFLAGS = " $(inherited)";
				OTHER_REZFLAGS = "";
				PRODUCT_NAME = ZERO_CHECK;
				SECTORDER_FLAGS = "";
				USE_HEADERMAP = NO;
				WARNING_CFLAGS = "$(inherited)";
			};
			name = Release;
		};
		41BB03772559485F8F4FC726 /* RelWithDebInfo */ = {
			isa = XCBuildConfiguration;
			buildSettings = {
				ALWAYS_SEARCH_USER_PATHS = NO;
				ARCHS = arm64;
				COMBINE_HIDPI_IMAGES = YES;
				CONFIGURATION_BUILD_DIR = /Users/andrewdelis/Desktop/CS6010/Day18/xcode/RelWithDebInfo;
				EXECUTABLE_PREFIX = "";
				EXECUTABLE_SUFFIX = "";
				GCC_GENERATE_DEBUGGING_SYMBOLS = NO;
				GCC_INLINES_ARE_PRIVATE_EXTERN = NO;
				GCC_OPTIMIZATION_LEVEL = 0;
				GCC_PREPROCESSOR_DEFINITIONS = (
					"'CMAKE_INTDIR=\"$(CONFIGURATION)$(EFFECTIVE_PLATFORM_NAME)\"'",
					"$(inherited)",
				);
				GCC_SYMBOLS_PRIVATE_EXTERN = NO;
				INSTALL_PATH = "";
				LD_RUNPATH_SEARCH_PATHS = (
					/opt/homebrew/lib,
					"$(inherited)",
				);
				ONLY_ACTIVE_ARCH = NO;
				OTHER_CPLUSPLUSFLAGS = "'-std=c++17' ";
				OTHER_LDFLAGS = (
					"-Wl,-search_paths_first",
					"-Wl,-headerpad_max_install_names",
					"/opt/homebrew/lib/libsfml-graphics.2.6.0.dylib",
					"/opt/homebrew/lib/libsfml-window.2.6.0.dylib",
					"/opt/homebrew/lib/libsfml-system.2.6.0.dylib",
					"$(inherited)",
				);
				OTHER_REZFLAGS = "";
				PRODUCT_NAME = testSFML;
				SECTORDER_FLAGS = "";
				SYSTEM_HEADER_SEARCH_PATHS = (
					/opt/homebrew/include,
					"$(inherited)",
				);
				TARGET_TEMP_DIR = "/Users/andrewdelis/Desktop/CS6010/Day18/xcode/build/testSFML.build/$(CONFIGURATION)$(EFFECTIVE_PLATFORM_NAME)";
				USE_HEADERMAP = NO;
				WARNING_CFLAGS = "$(inherited)";
			};
			name = RelWithDebInfo;
		};
		568BC285BFFC49FC9D807A8B /* RelWithDebInfo */ = {
			isa = XCBuildConfiguration;
			buildSettings = {
				ALWAYS_SEARCH_USER_PATHS = NO;
				ARCHS = arm64;
				COMBINE_HIDPI_IMAGES = YES;
				GCC_GENERATE_DEBUGGING_SYMBOLS = YES;
				GCC_INLINES_ARE_PRIVATE_EXTERN = NO;
				GCC_OPTIMIZATION_LEVEL = 0;
				GCC_PREPROCESSOR_DEFINITIONS = (
					"'CMAKE_INTDIR=\"$(CONFIGURATION)$(EFFECTIVE_PLATFORM_NAME)\"'",
					"$(inherited)",
				);
				GCC_SYMBOLS_PRIVATE_EXTERN = NO;
				INSTALL_PATH = "";
				ONLY_ACTIVE_ARCH = NO;
				OTHER_LDFLAGS = " $(inherited)";
				OTHER_REZFLAGS = "";
				PRODUCT_NAME = ZERO_CHECK;
				SECTORDER_FLAGS = "";
				USE_HEADERMAP = NO;
				WARNING_CFLAGS = "$(inherited)";
			};
			name = RelWithDebInfo;
		};
		9E7D9E1B3394467A84BF0D39 /* Debug */ = {
			isa = XCBuildConfiguration;
			buildSettings = {
				ALWAYS_SEARCH_USER_PATHS = NO;
				ARCHS = arm64;
				COMBINE_HIDPI_IMAGES = YES;
				GCC_GENERATE_DEBUGGING_SYMBOLS = YES;
				GCC_INLINES_ARE_PRIVATE_EXTERN = NO;
				GCC_OPTIMIZATION_LEVEL = 0;
				GCC_PREPROCESSOR_DEFINITIONS = (
					"'CMAKE_INTDIR=\"$(CONFIGURATION)$(EFFECTIVE_PLATFORM_NAME)\"'",
					"$(inherited)",
				);
				GCC_SYMBOLS_PRIVATE_EXTERN = NO;
				HEADER_SEARCH_PATHS = /opt/homebrew/include;
				INSTALL_PATH = "";
				ONLY_ACTIVE_ARCH = NO;
				OTHER_LDFLAGS = (
					"$(inherited)",
					"-L/opt/homebrew/lib",
					"-lsfml-graphics",
					"-lsfml-system",
					"-lsfml-window",
				);
				OTHER_REZFLAGS = "";
				PRODUCT_NAME = ALL_BUILD;
				SECTORDER_FLAGS = "";
				USE_HEADERMAP = NO;
				WARNING_CFLAGS = "$(inherited)";
			};
			name = Debug;
		};
		9F11A4EDB85C46B0AE056F7D /* Debug */ = {
			isa = XCBuildConfiguration;
			buildSettings = {
				ALWAYS_SEARCH_USER_PATHS = NO;
				ARCHS = arm64;
				COMBINE_HIDPI_IMAGES = YES;
				CONFIGURATION_BUILD_DIR = /Users/andrewdelis/Desktop/CS6010/Day18/xcode/Debug;
				EXECUTABLE_PREFIX = "";
				EXECUTABLE_SUFFIX = "";
				GCC_GENERATE_DEBUGGING_SYMBOLS = NO;
				GCC_INLINES_ARE_PRIVATE_EXTERN = NO;
				GCC_OPTIMIZATION_LEVEL = 0;
				GCC_PREPROCESSOR_DEFINITIONS = (
					"'CMAKE_INTDIR=\"$(CONFIGURATION)$(EFFECTIVE_PLATFORM_NAME)\"'",
					"$(inherited)",
				);
				GCC_SYMBOLS_PRIVATE_EXTERN = NO;
				INSTALL_PATH = "";
				LD_RUNPATH_SEARCH_PATHS = (
					/opt/homebrew/lib,
					"$(inherited)",
				);
				ONLY_ACTIVE_ARCH = NO;
				OTHER_CPLUSPLUSFLAGS = "'-std=c++17' ";
				OTHER_LDFLAGS = (
					"-Wl,-search_paths_first",
					"-Wl,-headerpad_max_install_names",
					"/opt/homebrew/lib/libsfml-graphics.2.6.0.dylib",
					"/opt/homebrew/lib/libsfml-window.2.6.0.dylib",
					"/opt/homebrew/lib/libsfml-system.2.6.0.dylib",
					"$(inherited)",
				);
				OTHER_REZFLAGS = "";
				PRODUCT_NAME = testSFML;
				SECTORDER_FLAGS = "";
				SYSTEM_HEADER_SEARCH_PATHS = (
					/opt/homebrew/include,
					"$(inherited)",
				);
				TARGET_TEMP_DIR = "/Users/andrewdelis/Desktop/CS6010/Day18/xcode/build/testSFML.build/$(CONFIGURATION)$(EFFECTIVE_PLATFORM_NAME)";
				USE_HEADERMAP = NO;
				WARNING_CFLAGS = "$(inherited)";
			};
			name = Debug;
		};
		A154FA120DD54C18B5FEB27E /* Debug */ = {
			isa = XCBuildConfiguration;
			buildSettings = {
				ALWAYS_SEARCH_USER_PATHS = NO;
				ARCHS = arm64;
				COMBINE_HIDPI_IMAGES = YES;
				GCC_GENERATE_DEBUGGING_SYMBOLS = YES;
				GCC_INLINES_ARE_PRIVATE_EXTERN = NO;
				GCC_OPTIMIZATION_LEVEL = 0;
				GCC_PREPROCESSOR_DEFINITIONS = (
					"'CMAKE_INTDIR=\"$(CONFIGURATION)$(EFFECTIVE_PLATFORM_NAME)\"'",
					"$(inherited)",
				);
				GCC_SYMBOLS_PRIVATE_EXTERN = NO;
				INSTALL_PATH = "";
				ONLY_ACTIVE_ARCH = NO;
				OTHER_LDFLAGS = " $(inherited)";
				OTHER_REZFLAGS = "";
				PRODUCT_NAME = ZERO_CHECK;
				SECTORDER_FLAGS = "";
				USE_HEADERMAP = NO;
				WARNING_CFLAGS = "$(inherited)";
			};
			name = Debug;
		};
		CCCEE2DA60A54FEC8706CAF8 /* RelWithDebInfo */ = {
			isa = XCBuildConfiguration;
			buildSettings = {
				ALWAYS_SEARCH_USER_PATHS = NO;
				ARCHS = arm64;
				COMBINE_HIDPI_IMAGES = YES;
				GCC_GENERATE_DEBUGGING_SYMBOLS = YES;
				GCC_INLINES_ARE_PRIVATE_EXTERN = NO;
				GCC_OPTIMIZATION_LEVEL = 0;
				GCC_PREPROCESSOR_DEFINITIONS = (
					"'CMAKE_INTDIR=\"$(CONFIGURATION)$(EFFECTIVE_PLATFORM_NAME)\"'",
					"$(inherited)",
				);
				GCC_SYMBOLS_PRIVATE_EXTERN = NO;
				HEADER_SEARCH_PATHS = /opt/homebrew/include;
				INSTALL_PATH = "";
				ONLY_ACTIVE_ARCH = NO;
				OTHER_LDFLAGS = (
					"$(inherited)",
					"-L/opt/homebrew/lib",
					"-lsfml-graphics",
					"-lsfml-system",
					"-lsfml-window",
				);
				OTHER_REZFLAGS = "";
				PRODUCT_NAME = ALL_BUILD;
				SECTORDER_FLAGS = "";
				USE_HEADERMAP = NO;
				WARNING_CFLAGS = "$(inherited)";
			};
			name = RelWithDebInfo;
		};
		E888FD0A50AF49548525BA35 /* RelWithDebInfo */ = {
			isa = XCBuildConfiguration;
			buildSettings = {
				ARCHS = arm64;
				SDKROOT = /Library/Developer/CommandLineTools/SDKs/MacOSX13.3.sdk;
				SWIFT_COMPILATION_MODE = wholemodule;
				SYMROOT = /Users/andrewdelis/Desktop/CS6010/Day18/xcode/build;
			};
			name = RelWithDebInfo;
		};
		F59162E037FC433ABC2482AA /* Release */ = {
			isa = XCBuildConfiguration;
			buildSettings = {
				ALWAYS_SEARCH_USER_PATHS = NO;
				ARCHS = arm64;
				COMBINE_HIDPI_IMAGES = YES;
				CONFIGURATION_BUILD_DIR = /Users/andrewdelis/Desktop/CS6010/Day18/xcode/Release;
				EXECUTABLE_PREFIX = "";
				EXECUTABLE_SUFFIX = "";
				GCC_GENERATE_DEBUGGING_SYMBOLS = NO;
				GCC_INLINES_ARE_PRIVATE_EXTERN = NO;
				GCC_OPTIMIZATION_LEVEL = 0;
				GCC_PREPROCESSOR_DEFINITIONS = (
					"'CMAKE_INTDIR=\"$(CONFIGURATION)$(EFFECTIVE_PLATFORM_NAME)\"'",
					"$(inherited)",
				);
				GCC_SYMBOLS_PRIVATE_EXTERN = NO;
				INSTALL_PATH = "";
				LD_RUNPATH_SEARCH_PATHS = (
					/opt/homebrew/lib,
					"$(inherited)",
				);
				ONLY_ACTIVE_ARCH = NO;
				OTHER_CPLUSPLUSFLAGS = "'-std=c++17' ";
				OTHER_LDFLAGS = (
					"-Wl,-search_paths_first",
					"-Wl,-headerpad_max_install_names",
					"/opt/homebrew/lib/libsfml-graphics.2.6.0.dylib",
					"/opt/homebrew/lib/libsfml-window.2.6.0.dylib",
					"/opt/homebrew/lib/libsfml-system.2.6.0.dylib",
					"$(inherited)",
				);
				OTHER_REZFLAGS = "";
				PRODUCT_NAME = testSFML;
				SECTORDER_FLAGS = "";
				SYSTEM_HEADER_SEARCH_PATHS = (
					/opt/homebrew/include,
					"$(inherited)",
				);
				TARGET_TEMP_DIR = "/Users/andrewdelis/Desktop/CS6010/Day18/xcode/build/testSFML.build/$(CONFIGURATION)$(EFFECTIVE_PLATFORM_NAME)";
				USE_HEADERMAP = NO;
				WARNING_CFLAGS = "$(inherited)";
			};
			name = Release;
		};
		FB2F88C723A94D1790C20EC7 /* Release */ = {
			isa = XCBuildConfiguration;
			buildSettings = {
				ARCHS = arm64;
				SDKROOT = /Library/Developer/CommandLineTools/SDKs/MacOSX13.3.sdk;
				SWIFT_COMPILATION_MODE = wholemodule;
				SYMROOT = /Users/andrewdelis/Desktop/CS6010/Day18/xcode/build;
			};
			name = Release;
		};
/* End XCBuildConfiguration section */

/* Begin XCConfigurationList section */
		01F577D6610843689869783B /* Build configuration list for PBXNativeTarget "testSFML" */ = {
			isa = XCConfigurationList;
			buildConfigurations = (
				9F11A4EDB85C46B0AE056F7D /* Debug */,
				F59162E037FC433ABC2482AA /* Release */,
				065C4500282249CBB9DD34C9 /* MinSizeRel */,
				41BB03772559485F8F4FC726 /* RelWithDebInfo */,
			);
			defaultConfigurationIsVisible = 0;
			defaultConfigurationName = Debug;
		};
		3AC3FD18825F4532956D4287 /* Build configuration list for PBXAggregateTarget "ZERO_CHECK" */ = {
			isa = XCConfigurationList;
			buildConfigurations = (
				A154FA120DD54C18B5FEB27E /* Debug */,
				3D3E2C91215E4ED4A5C3FCAA /* Release */,
				2B7ADF29BB064531B4140F29 /* MinSizeRel */,
				568BC285BFFC49FC9D807A8B /* RelWithDebInfo */,
			);
			defaultConfigurationIsVisible = 0;
			defaultConfigurationName = Debug;
		};
		DADBC3BE922A4B5CB52D41ED /* Build configuration list for PBXAggregateTarget "ALL_BUILD" */ = {
			isa = XCConfigurationList;
			buildConfigurations = (
				9E7D9E1B3394467A84BF0D39 /* Debug */,
				0186316E1732400791D49904 /* Release */,
				0224A28CA44548859FFA52BF /* MinSizeRel */,
				CCCEE2DA60A54FEC8706CAF8 /* RelWithDebInfo */,
			);
			defaultConfigurationIsVisible = 0;
			defaultConfigurationName = Debug;
		};
		EAE4D3AAC809466F88FBEDA5 /* Build configuration list for PBXProject "testSFML" */ = {
			isa = XCConfigurationList;
			buildConfigurations = (
				169D855D1D4345F2A594F05D /* Debug */,
				FB2F88C723A94D1790C20EC7 /* Release */,
				277F340C2CB24BC8BA349E6A /* MinSizeRel */,
				E888FD0A50AF49548525BA35 /* RelWithDebInfo */,
			);
			defaultConfigurationIsVisible = 0;
			defaultConfigurationName = Debug;
		};
/* End XCConfigurationList section */
	};
	rootObject = 09EA0BBC14AF4766B09D2187 /* Project object */;
}
